
Microsoft Visual Studio Solution File, Format Version 12.00
# Visual Studio Version 17
VisualStudioVersion = 17.0.31903.59
MinimumVisualStudioVersion = 10.0.40219.1
Project("{FAE04EC0-301F-11D3-BF4B-00C04F79EFBC}") = "IzjasniSe.Model", "IzjasniSe.Model\IzjasniSe.Model.csproj", "{55D4A485-07F6-4560-9B1B-DCE4A73DCB28}"
EndProject
Project("{FAE04EC0-301F-11D3-BF4B-00C04F79EFBC}") = "IzjasniSe.Api", "IzjasniSe.Api\IzjasniSe.Api.csproj", "{9CE08947-0BF8-B784-4081-1EF429E4F3CF}"
EndProject
Project("{FAE04EC0-301F-11D3-BF4B-00C04F79EFBC}") = "IzjasniSe.DAL", "IzjasniSe.DAL\IzjasniSe.DAL.csproj", "{1443A1F4-E3E1-B073-E3A9-AE2EDBD2822E}"
EndProject
Project("{2150E333-8FDC-42A3-9474-1A3956D46DE8}") = "Frontend", "Frontend", "{02EA681E-C7D8-13C7-8484-4AC65E1B71E8}"
EndProject
Project("{E24C65DC-7377-472B-9ABA-BC803B73C61A}") = "izjasniesefrontend", "..\..\izjasniesefrontend\", "{4A478783-9137-37EB-3164-9F39EE0B29A3}"
	ProjectSection(WebsiteProperties) = preProject
		TargetFrameworkMoniker = ".NETFramework,Version%3Dv4.8"
		Debug.AspNetCompiler.VirtualPath = "/localhost_54425"
		Debug.AspNetCompiler.PhysicalPath = "..\..\izjasniesefrontend\"
		Debug.AspNetCompiler.TargetPath = "PrecompiledWeb\localhost_54425\"
		Debug.AspNetCompiler.Updateable = "true"
		Debug.AspNetCompiler.ForceOverwrite = "true"
		Debug.AspNetCompiler.FixedNames = "false"
		Debug.AspNetCompiler.Debug = "True"
		Release.AspNetCompiler.VirtualPath = "/localhost_54425"
		Release.AspNetCompiler.PhysicalPath = "..\..\izjasniesefrontend\"
		Release.AspNetCompiler.TargetPath = "PrecompiledWeb\localhost_54425\"
		Release.AspNetCompiler.Updateable = "true"
		Release.AspNetCompiler.ForceOverwrite = "true"
		Release.AspNetCompiler.FixedNames = "false"
		Release.AspNetCompiler.Debug = "False"
		VWDPort = "54425"
		SlnRelativePath = "..\..\izjasniesefrontend\"
	EndProjectSection
EndProject
Global
	GlobalSection(SolutionConfigurationPlatforms) = preSolution
		Debug|Any CPU = Debug|Any CPU
		Debug|x64 = Debug|x64
		Debug|x86 = Debug|x86
		Release|Any CPU = Release|Any CPU
		Release|x64 = Release|x64
		Release|x86 = Release|x86
	EndGlobalSection
	GlobalSection(ProjectConfigurationPlatforms) = postSolution
		{55D4A485-07F6-4560-9B1B-DCE4A73DCB28}.Debug|Any CPU.ActiveCfg = Debug|Any CPU
		{55D4A485-07F6-4560-9B1B-DCE4A73DCB28}.Debug|Any CPU.Build.0 = Debug|Any CPU
		{55D4A485-07F6-4560-9B1B-DCE4A73DCB28}.Debug|x64.ActiveCfg = Debug|Any CPU
		{55D4A485-07F6-4560-9B1B-DCE4A73DCB28}.Debug|x64.Build.0 = Debug|Any CPU
		{55D4A485-07F6-4560-9B1B-DCE4A73DCB28}.Debug|x86.ActiveCfg = Debug|Any CPU
		{55D4A485-07F6-4560-9B1B-DCE4A73DCB28}.Debug|x86.Build.0 = Debug|Any CPU
		{55D4A485-07F6-4560-9B1B-DCE4A73DCB28}.Release|Any CPU.ActiveCfg = Release|Any CPU
		{55D4A485-07F6-4560-9B1B-DCE4A73DCB28}.Release|Any CPU.Build.0 = Release|Any CPU
		{55D4A485-07F6-4560-9B1B-DCE4A73DCB28}.Release|x64.ActiveCfg = Release|Any CPU
		{55D4A485-07F6-4560-9B1B-DCE4A73DCB28}.Release|x64.Build.0 = Release|Any CPU
		{55D4A485-07F6-4560-9B1B-DCE4A73DCB28}.Release|x86.ActiveCfg = Release|Any CPU
		{55D4A485-07F6-4560-9B1B-DCE4A73DCB28}.Release|x86.Build.0 = Release|Any CPU
		{9CE08947-0BF8-B784-4081-1EF429E4F3CF}.Debug|Any CPU.ActiveCfg = Debug|Any CPU
		{9CE08947-0BF8-B784-4081-1EF429E4F3CF}.Debug|Any CPU.Build.0 = Debug|Any CPU
		{9CE08947-0BF8-B784-4081-1EF429E4F3CF}.Debug|x64.ActiveCfg = Debug|Any CPU
		{9CE08947-0BF8-B784-4081-1EF429E4F3CF}.Debug|x64.Build.0 = Debug|Any CPU
		{9CE08947-0BF8-B784-4081-1EF429E4F3CF}.Debug|x86.ActiveCfg = Debug|Any CPU
		{9CE08947-0BF8-B784-4081-1EF429E4F3CF}.Debug|x86.Build.0 = Debug|Any CPU
		{9CE08947-0BF8-B784-4081-1EF429E4F3CF}.Release|Any CPU.ActiveCfg = Release|Any CPU
		{9CE08947-0BF8-B784-4081-1EF429E4F3CF}.Release|Any CPU.Build.0 = Release|Any CPU
		{9CE08947-0BF8-B784-4081-1EF429E4F3CF}.Release|x64.ActiveCfg = Release|Any CPU
		{9CE08947-0BF8-B784-4081-1EF429E4F3CF}.Release|x64.Build.0 = Release|Any CPU
		{9CE08947-0BF8-B784-4081-1EF429E4F3CF}.Release|x86.ActiveCfg = Release|Any CPU
		{9CE08947-0BF8-B784-4081-1EF429E4F3CF}.Release|x86.Build.0 = Release|Any CPU
		{1443A1F4-E3E1-B073-E3A9-AE2EDBD2822E}.Debug|Any CPU.ActiveCfg = Debug|Any CPU
		{1443A1F4-E3E1-B073-E3A9-AE2EDBD2822E}.Debug|Any CPU.Build.0 = Debug|Any CPU
		{1443A1F4-E3E1-B073-E3A9-AE2EDBD2822E}.Debug|x64.ActiveCfg = Debug|Any CPU
		{1443A1F4-E3E1-B073-E3A9-AE2EDBD2822E}.Debug|x64.Build.0 = Debug|Any CPU
		{1443A1F4-E3E1-B073-E3A9-AE2EDBD2822E}.Debug|x86.ActiveCfg = Debug|Any CPU
		{1443A1F4-E3E1-B073-E3A9-AE2EDBD2822E}.Debug|x86.Build.0 = Debug|Any CPU
		{1443A1F4-E3E1-B073-E3A9-AE2EDBD2822E}.Release|Any CPU.ActiveCfg = Release|Any CPU
		{1443A1F4-E3E1-B073-E3A9-AE2EDBD2822E}.Release|Any CPU.Build.0 = Release|Any CPU
		{1443A1F4-E3E1-B073-E3A9-AE2EDBD2822E}.Release|x64.ActiveCfg = Release|Any CPU
		{1443A1F4-E3E1-B073-E3A9-AE2EDBD2822E}.Release|x64.Build.0 = Release|Any CPU
		{1443A1F4-E3E1-B073-E3A9-AE2EDBD2822E}.Release|x86.ActiveCfg = Release|Any CPU
		{1443A1F4-E3E1-B073-E3A9-AE2EDBD2822E}.Release|x86.Build.0 = Release|Any CPU
		{4A478783-9137-37EB-3164-9F39EE0B29A3}.Debug|Any CPU.ActiveCfg = Debug|Any CPU
		{4A478783-9137-37EB-3164-9F39EE0B29A3}.Debug|Any CPU.Build.0 = Debug|Any CPU
		{4A478783-9137-37EB-3164-9F39EE0B29A3}.Debug|x64.ActiveCfg = Debug|Any CPU
		{4A478783-9137-37EB-3164-9F39EE0B29A3}.Debug|x64.Build.0 = Debug|Any CPU
		{4A478783-9137-37EB-3164-9F39EE0B29A3}.Debug|x86.ActiveCfg = Debug|Any CPU
		{4A478783-9137-37EB-3164-9F39EE0B29A3}.Debug|x86.Build.0 = Debug|Any CPU
		{4A478783-9137-37EB-3164-9F39EE0B29A3}.Release|Any CPU.ActiveCfg = Debug|Any CPU
		{4A478783-9137-37EB-3164-9F39EE0B29A3}.Release|Any CPU.Build.0 = Debug|Any CPU
		{4A478783-9137-37EB-3164-9F39EE0B29A3}.Release|x64.ActiveCfg = Debug|Any CPU
		{4A478783-9137-37EB-3164-9F39EE0B29A3}.Release|x64.Build.0 = Debug|Any CPU
		{4A478783-9137-37EB-3164-9F39EE0B29A3}.Release|x86.ActiveCfg = Debug|Any CPU
		{4A478783-9137-37EB-3164-9F39EE0B29A3}.Release|x86.Build.0 = Debug|Any CPU
	EndGlobalSection
	GlobalSection(SolutionProperties) = preSolution
		HideSolutionNode = FALSE
	EndGlobalSection
	GlobalSection(NestedProjects) = preSolution
		{4A478783-9137-37EB-3164-9F39EE0B29A3} = {02EA681E-C7D8-13C7-8484-4AC65E1B71E8}
	EndGlobalSection
	GlobalSection(ExtensibilityGlobals) = postSolution
		SolutionGuid = {6158FF8F-6DC1-46BA-A288-8F4573BB3DB6}
	EndGlobalSection
EndGlobal
